// !$*UTF8*$!
{
	archiveVersion = 1;
	classes = {
	};
	objectVersion = 56;
	objects = {

/* Begin PBXBuildFile section */
		3C4AE0282A3275E30043CAFB /* InfoView.swift in Sources */ = {isa = PBXBuildFile; fileRef = 3C4AE0272A3275E30043CAFB /* InfoView.swift */; };
		3C4AE02A2A3277240043CAFB /* TitleModifier.swift in Sources */ = {isa = PBXBuildFile; fileRef = 3C4AE0292A3277240043CAFB /* TitleModifier.swift */; };
		3C4AE02D2A327BF30043CAFB /* ButtonModifier.swift in Sources */ = {isa = PBXBuildFile; fileRef = 3C4AE02C2A327BF30043CAFB /* ButtonModifier.swift */; };
		3C67AFC52A321CFE00D7227D /* HoneymoonApp.swift in Sources */ = {isa = PBXBuildFile; fileRef = 3C67AFC42A321CFE00D7227D /* HoneymoonApp.swift */; };
		3C67AFC72A321CFE00D7227D /* ContentView.swift in Sources */ = {isa = PBXBuildFile; fileRef = 3C67AFC62A321CFE00D7227D /* ContentView.swift */; };
		3C67AFC92A321D0000D7227D /* Assets.xcassets in Resources */ = {isa = PBXBuildFile; fileRef = 3C67AFC82A321D0000D7227D /* Assets.xcassets */; };
		3C67AFCC2A321D0000D7227D /* Preview Assets.xcassets in Resources */ = {isa = PBXBuildFile; fileRef = 3C67AFCB2A321D0000D7227D /* Preview Assets.xcassets */; };
		3C67AFD32A321F2300D7227D /* Photos in Resources */ = {isa = PBXBuildFile; fileRef = 3C67AFD22A321F2300D7227D /* Photos */; };
		3C67AFDA2A32251600D7227D /* HoneymoonModel.swift in Sources */ = {isa = PBXBuildFile; fileRef = 3C67AFD92A32251600D7227D /* HoneymoonModel.swift */; };
		3C67AFDD2A32257800D7227D /* HoneymoonData.swift in Sources */ = {isa = PBXBuildFile; fileRef = 3C67AFDC2A32257800D7227D /* HoneymoonData.swift */; };
		3C67AFE12A32264100D7227D /* CardView.swift in Sources */ = {isa = PBXBuildFile; fileRef = 3C67AFE02A32264100D7227D /* CardView.swift */; };
		3C67AFE32A322D1100D7227D /* HeaderView.swift in Sources */ = {isa = PBXBuildFile; fileRef = 3C67AFE22A322D1100D7227D /* HeaderView.swift */; };
		3C67AFE52A322FEE00D7227D /* FooterView.swift in Sources */ = {isa = PBXBuildFile; fileRef = 3C67AFE42A322FEE00D7227D /* FooterView.swift */; };
		3C67AFE82A32371000D7227D /* HeaderComponentView.swift in Sources */ = {isa = PBXBuildFile; fileRef = 3C67AFE72A32371000D7227D /* HeaderComponentView.swift */; };
		3C67AFEA2A32386A00D7227D /* GuideComponent.swift in Sources */ = {isa = PBXBuildFile; fileRef = 3C67AFE92A32386A00D7227D /* GuideComponent.swift */; };
		3C67AFEC2A323B1800D7227D /* GuideView.swift in Sources */ = {isa = PBXBuildFile; fileRef = 3C67AFEB2A323B1800D7227D /* GuideView.swift */; };
		3CD6D6342A335AE400E2ADC0 /* SymbolModifier.swift in Sources */ = {isa = PBXBuildFile; fileRef = 3CD6D6332A335AE300E2ADC0 /* SymbolModifier.swift */; };
		3CD6D6372A3360E500E2ADC0 /* CardTransition.swift in Sources */ = {isa = PBXBuildFile; fileRef = 3CD6D6362A3360E500E2ADC0 /* CardTransition.swift */; };
		3CD6D63A2A3364C300E2ADC0 /* PlaySound.swift in Sources */ = {isa = PBXBuildFile; fileRef = 3CD6D6392A3364C300E2ADC0 /* PlaySound.swift */; };
		3CD6D63E2A3366AA00E2ADC0 /* sound-click.mp3 in Resources */ = {isa = PBXBuildFile; fileRef = 3CD6D63C2A3366AA00E2ADC0 /* sound-click.mp3 */; };
		3CD6D63F2A3366AA00E2ADC0 /* sound-rise.mp3 in Resources */ = {isa = PBXBuildFile; fileRef = 3CD6D63D2A3366AA00E2ADC0 /* sound-rise.mp3 */; };
/* End PBXBuildFile section */

/* Begin PBXFileReference section */
		3C4AE0272A3275E30043CAFB /* InfoView.swift */ = {isa = PBXFileReference; lastKnownFileType = sourcecode.swift; path = InfoView.swift; sourceTree = "<group>"; };
		3C4AE0292A3277240043CAFB /* TitleModifier.swift */ = {isa = PBXFileReference; lastKnownFileType = sourcecode.swift; path = TitleModifier.swift; sourceTree = "<group>"; };
		3C4AE02C2A327BF30043CAFB /* ButtonModifier.swift */ = {isa = PBXFileReference; lastKnownFileType = sourcecode.swift; path = ButtonModifier.swift; sourceTree = "<group>"; };
		3C67AFC12A321CFE00D7227D /* Honeymoon.app */ = {isa = PBXFileReference; explicitFileType = wrapper.application; includeInIndex = 0; path = Honeymoon.app; sourceTree = BUILT_PRODUCTS_DIR; };
		3C67AFC42A321CFE00D7227D /* HoneymoonApp.swift */ = {isa = PBXFileReference; lastKnownFileType = sourcecode.swift; path = HoneymoonApp.swift; sourceTree = "<group>"; };
		3C67AFC62A321CFE00D7227D /* ContentView.swift */ = {isa = PBXFileReference; lastKnownFileType = sourcecode.swift; path = ContentView.swift; sourceTree = "<group>"; };
		3C67AFC82A321D0000D7227D /* Assets.xcassets */ = {isa = PBXFileReference; lastKnownFileType = folder.assetcatalog; path = Assets.xcassets; sourceTree = "<group>"; };
		3C67AFCB2A321D0000D7227D /* Preview Assets.xcassets */ = {isa = PBXFileReference; lastKnownFileType = folder.assetcatalog; path = "Preview Assets.xcassets"; sourceTree = "<group>"; };
		3C67AFD22A321F2300D7227D /* Photos */ = {isa = PBXFileReference; lastKnownFileType = folder; path = Photos; sourceTree = "<group>"; };
		3C67AFD82A32247300D7227D /* Info.plist */ = {isa = PBXFileReference; lastKnownFileType = text.plist; path = Info.plist; sourceTree = "<group>"; };
		3C67AFD92A32251600D7227D /* HoneymoonModel.swift */ = {isa = PBXFileReference; lastKnownFileType = sourcecode.swift; path = HoneymoonModel.swift; sourceTree = "<group>"; };
		3C67AFDC2A32257800D7227D /* HoneymoonData.swift */ = {isa = PBXFileReference; lastKnownFileType = sourcecode.swift; path = HoneymoonData.swift; sourceTree = "<group>"; };
		3C67AFE02A32264100D7227D /* CardView.swift */ = {isa = PBXFileReference; lastKnownFileType = sourcecode.swift; path = CardView.swift; sourceTree = "<group>"; };
		3C67AFE22A322D1100D7227D /* HeaderView.swift */ = {isa = PBXFileReference; lastKnownFileType = sourcecode.swift; path = HeaderView.swift; sourceTree = "<group>"; };
		3C67AFE42A322FEE00D7227D /* FooterView.swift */ = {isa = PBXFileReference; lastKnownFileType = sourcecode.swift; path = FooterView.swift; sourceTree = "<group>"; };
		3C67AFE72A32371000D7227D /* HeaderComponentView.swift */ = {isa = PBXFileReference; lastKnownFileType = sourcecode.swift; path = HeaderComponentView.swift; sourceTree = "<group>"; };
		3C67AFE92A32386A00D7227D /* GuideComponent.swift */ = {isa = PBXFileReference; lastKnownFileType = sourcecode.swift; path = GuideComponent.swift; sourceTree = "<group>"; };
		3C67AFEB2A323B1800D7227D /* GuideView.swift */ = {isa = PBXFileReference; lastKnownFileType = sourcecode.swift; path = GuideView.swift; sourceTree = "<group>"; };
		3CD6D6332A335AE300E2ADC0 /* SymbolModifier.swift */ = {isa = PBXFileReference; lastKnownFileType = sourcecode.swift; path = SymbolModifier.swift; sourceTree = "<group>"; };
		3CD6D6362A3360E500E2ADC0 /* CardTransition.swift */ = {isa = PBXFileReference; lastKnownFileType = sourcecode.swift; path = CardTransition.swift; sourceTree = "<group>"; };
		3CD6D6392A3364C300E2ADC0 /* PlaySound.swift */ = {isa = PBXFileReference; lastKnownFileType = sourcecode.swift; path = PlaySound.swift; sourceTree = "<group>"; };
		3CD6D63C2A3366AA00E2ADC0 /* sound-click.mp3 */ = {isa = PBXFileReference; lastKnownFileType = audio.mp3; path = "sound-click.mp3"; sourceTree = "<group>"; };
		3CD6D63D2A3366AA00E2ADC0 /* sound-rise.mp3 */ = {isa = PBXFileReference; lastKnownFileType = audio.mp3; path = "sound-rise.mp3"; sourceTree = "<group>"; };
/* End PBXFileReference section */

/* Begin PBXFrameworksBuildPhase section */
		3C67AFBE2A321CFE00D7227D /* Frameworks */ = {
			isa = PBXFrameworksBuildPhase;
			buildActionMask = 2147483647;
			files = (
			);
			runOnlyForDeploymentPostprocessing = 0;
		};
/* End PBXFrameworksBuildPhase section */

/* Begin PBXGroup section */
		3C4AE02B2A3277790043CAFB /* Modifier */ = {
			isa = PBXGroup;
			children = (
				3C4AE0292A3277240043CAFB /* TitleModifier.swift */,
				3C4AE02C2A327BF30043CAFB /* ButtonModifier.swift */,
				3CD6D6332A335AE300E2ADC0 /* SymbolModifier.swift */,
			);
			path = Modifier;
			sourceTree = "<group>";
		};
		3C67AFB82A321CFE00D7227D = {
			isa = PBXGroup;
			children = (
				3C67AFDF2A32261500D7227D /* View */,
				3C67AFDB2A32251F00D7227D /* Model */,
				3C67AFC32A321CFE00D7227D /* Honeymoon */,
				3C67AFC22A321CFE00D7227D /* Products */,
			);
			sourceTree = "<group>";
		};
		3C67AFC22A321CFE00D7227D /* Products */ = {
			isa = PBXGroup;
			children = (
				3C67AFC12A321CFE00D7227D /* Honeymoon.app */,
			);
			name = Products;
			sourceTree = "<group>";
		};
		3C67AFC32A321CFE00D7227D /* Honeymoon */ = {
			isa = PBXGroup;
			children = (
				3CD6D63B2A33668900E2ADC0 /* Sounds */,
				3CD6D6382A3364A400E2ADC0 /* Helper */,
				3CD6D6352A3360A400E2ADC0 /* Extension */,
				3C4AE02B2A3277790043CAFB /* Modifier */,
				3C67AFE62A3236DF00D7227D /* Component */,
				3C67AFDE2A32257D00D7227D /* Data */,
				3C67AFD82A32247300D7227D /* Info.plist */,
				3C67AFD22A321F2300D7227D /* Photos */,
				3C67AFC42A321CFE00D7227D /* HoneymoonApp.swift */,
				3C67AFC82A321D0000D7227D /* Assets.xcassets */,
				3C67AFCA2A321D0000D7227D /* Preview Content */,
			);
			path = Honeymoon;
			sourceTree = "<group>";
		};
		3C67AFCA2A321D0000D7227D /* Preview Content */ = {
			isa = PBXGroup;
			children = (
				3C67AFCB2A321D0000D7227D /* Preview Assets.xcassets */,
			);
			path = "Preview Content";
			sourceTree = "<group>";
		};
		3C67AFDB2A32251F00D7227D /* Model */ = {
			isa = PBXGroup;
			children = (
				3C67AFD92A32251600D7227D /* HoneymoonModel.swift */,
			);
			path = Model;
			sourceTree = "<group>";
		};
		3C67AFDE2A32257D00D7227D /* Data */ = {
			isa = PBXGroup;
			children = (
				3C67AFDC2A32257800D7227D /* HoneymoonData.swift */,
			);
			path = Data;
			sourceTree = "<group>";
		};
		3C67AFDF2A32261500D7227D /* View */ = {
			isa = PBXGroup;
			children = (
				3C67AFC62A321CFE00D7227D /* ContentView.swift */,
				3C67AFE02A32264100D7227D /* CardView.swift */,
				3C67AFE22A322D1100D7227D /* HeaderView.swift */,
				3C67AFE42A322FEE00D7227D /* FooterView.swift */,
				3C67AFEB2A323B1800D7227D /* GuideView.swift */,
				3C4AE0272A3275E30043CAFB /* InfoView.swift */,
			);
			path = View;
			sourceTree = "<group>";
		};
		3C67AFE62A3236DF00D7227D /* Component */ = {
			isa = PBXGroup;
			children = (
				3C67AFE72A32371000D7227D /* HeaderComponentView.swift */,
				3C67AFE92A32386A00D7227D /* GuideComponent.swift */,
			);
			path = Component;
			sourceTree = "<group>";
		};
		3CD6D6352A3360A400E2ADC0 /* Extension */ = {
			isa = PBXGroup;
			children = (
				3CD6D6362A3360E500E2ADC0 /* CardTransition.swift */,
			);
			path = Extension;
			sourceTree = "<group>";
		};
		3CD6D6382A3364A400E2ADC0 /* Helper */ = {
			isa = PBXGroup;
			children = (
				3CD6D6392A3364C300E2ADC0 /* PlaySound.swift */,
			);
			path = Helper;
			sourceTree = "<group>";
		};
		3CD6D63B2A33668900E2ADC0 /* Sounds */ = {
			isa = PBXGroup;
			children = (
				3CD6D63C2A3366AA00E2ADC0 /* sound-click.mp3 */,
				3CD6D63D2A3366AA00E2ADC0 /* sound-rise.mp3 */,
			);
			path = Sounds;
			sourceTree = "<group>";
		};
/* End PBXGroup section */

/* Begin PBXNativeTarget section */
		3C67AFC02A321CFE00D7227D /* Honeymoon */ = {
			isa = PBXNativeTarget;
			buildConfigurationList = 3C67AFCF2A321D0000D7227D /* Build configuration list for PBXNativeTarget "Honeymoon" */;
			buildPhases = (
				3C67AFBD2A321CFE00D7227D /* Sources */,
				3C67AFBE2A321CFE00D7227D /* Frameworks */,
				3C67AFBF2A321CFE00D7227D /* Resources */,
			);
			buildRules = (
			);
			dependencies = (
			);
			name = Honeymoon;
			productName = Honeymoon;
			productReference = 3C67AFC12A321CFE00D7227D /* Honeymoon.app */;
			productType = "com.apple.product-type.application";
		};
/* End PBXNativeTarget section */

/* Begin PBXProject section */
		3C67AFB92A321CFE00D7227D /* Project object */ = {
			isa = PBXProject;
			attributes = {
				BuildIndependentTargetsInParallel = 1;
				LastSwiftUpdateCheck = 1430;
				LastUpgradeCheck = 1430;
				TargetAttributes = {
					3C67AFC02A321CFE00D7227D = {
						CreatedOnToolsVersion = 14.3.1;
					};
				};
			};
			buildConfigurationList = 3C67AFBC2A321CFE00D7227D /* Build configuration list for PBXProject "Honeymoon" */;
			compatibilityVersion = "Xcode 14.0";
			developmentRegion = en;
			hasScannedForEncodings = 0;
			knownRegions = (
				en,
				Base,
			);
			mainGroup = 3C67AFB82A321CFE00D7227D;
			productRefGroup = 3C67AFC22A321CFE00D7227D /* Products */;
			projectDirPath = "";
			projectRoot = "";
			targets = (
				3C67AFC02A321CFE00D7227D /* Honeymoon */,
			);
		};
/* End PBXProject section */

/* Begin PBXResourcesBuildPhase section */
		3C67AFBF2A321CFE00D7227D /* Resources */ = {
			isa = PBXResourcesBuildPhase;
			buildActionMask = 2147483647;
			files = (
				3CD6D63F2A3366AA00E2ADC0 /* sound-rise.mp3 in Resources */,
				3C67AFD32A321F2300D7227D /* Photos in Resources */,
				3CD6D63E2A3366AA00E2ADC0 /* sound-click.mp3 in Resources */,
				3C67AFCC2A321D0000D7227D /* Preview Assets.xcassets in Resources */,
				3C67AFC92A321D0000D7227D /* Assets.xcassets in Resources */,
			);
			runOnlyForDeploymentPostprocessing = 0;
		};
/* End PBXResourcesBuildPhase section */

/* Begin PBXSourcesBuildPhase section */
		3C67AFBD2A321CFE00D7227D /* Sources */ = {
			isa = PBXSourcesBuildPhase;
			buildActionMask = 2147483647;
			files = (
				3C67AFDD2A32257800D7227D /* HoneymoonData.swift in Sources */,
				3C4AE0282A3275E30043CAFB /* InfoView.swift in Sources */,
				3C67AFE52A322FEE00D7227D /* FooterView.swift in Sources */,
				3C4AE02A2A3277240043CAFB /* TitleModifier.swift in Sources */,
				3CD6D6372A3360E500E2ADC0 /* CardTransition.swift in Sources */,
				3CD6D6342A335AE400E2ADC0 /* SymbolModifier.swift in Sources */,
				3C67AFE32A322D1100D7227D /* HeaderView.swift in Sources */,
				3C67AFE82A32371000D7227D /* HeaderComponentView.swift in Sources */,
				3C4AE02D2A327BF30043CAFB /* ButtonModifier.swift in Sources */,
				3CD6D63A2A3364C300E2ADC0 /* PlaySound.swift in Sources */,
				3C67AFDA2A32251600D7227D /* HoneymoonModel.swift in Sources */,
				3C67AFC72A321CFE00D7227D /* ContentView.swift in Sources */,
				3C67AFC52A321CFE00D7227D /* HoneymoonApp.swift in Sources */,
				3C67AFE12A32264100D7227D /* CardView.swift in Sources */,
				3C67AFEA2A32386A00D7227D /* GuideComponent.swift in Sources */,
				3C67AFEC2A323B1800D7227D /* GuideView.swift in Sources */,
			);
			runOnlyForDeploymentPostprocessing = 0;
		};
/* End PBXSourcesBuildPhase section */

/* Begin XCBuildConfiguration section */
		3C67AFCD2A321D0000D7227D /* Debug */ = {
			isa = XCBuildConfiguration;
			buildSettings = {
				ALWAYS_SEARCH_USER_PATHS = NO;
				CLANG_ANALYZER_NONNULL = YES;
				CLANG_ANALYZER_NUMBER_OBJECT_CONVERSION = YES_AGGRESSIVE;
				CLANG_CXX_LANGUAGE_STANDARD = "gnu++20";
				CLANG_ENABLE_MODULES = YES;
				CLANG_ENABLE_OBJC_ARC = YES;
				CLANG_ENABLE_OBJC_WEAK = YES;
				CLANG_WARN_BLOCK_CAPTURE_AUTORELEASING = YES;
				CLANG_WARN_BOOL_CONVERSION = YES;
				CLANG_WARN_COMMA = YES;
				CLANG_WARN_CONSTANT_CONVERSION = YES;
				CLANG_WARN_DEPRECATED_OBJC_IMPLEMENTATIONS = YES;
				CLANG_WARN_DIRECT_OBJC_ISA_USAGE = YES_ERROR;
				CLANG_WARN_DOCUMENTATION_COMMENTS = YES;
				CLANG_WARN_EMPTY_BODY = YES;
				CLANG_WARN_ENUM_CONVERSION = YES;
				CLANG_WARN_INFINITE_RECURSION = YES;
				CLANG_WARN_INT_CONVERSION = YES;
				CLANG_WARN_NON_LITERAL_NULL_CONVERSION = YES;
				CLANG_WARN_OBJC_IMPLICIT_RETAIN_SELF = YES;
				CLANG_WARN_OBJC_LITERAL_CONVERSION = YES;
				CLANG_WARN_OBJC_ROOT_CLASS = YES_ERROR;
				CLANG_WARN_QUOTED_INCLUDE_IN_FRAMEWORK_HEADER = YES;
				CLANG_WARN_RANGE_LOOP_ANALYSIS = YES;
				CLANG_WARN_STRICT_PROTOTYPES = YES;
				CLANG_WARN_SUSPICIOUS_MOVE = YES;
				CLANG_WARN_UNGUARDED_AVAILABILITY = YES_AGGRESSIVE;
				CLANG_WARN_UNREACHABLE_CODE = YES;
				CLANG_WARN__DUPLICATE_METHOD_MATCH = YES;
				COPY_PHASE_STRIP = NO;
				DEBUG_INFORMATION_FORMAT = dwarf;
				ENABLE_STRICT_OBJC_MSGSEND = YES;
				ENABLE_TESTABILITY = YES;
				GCC_C_LANGUAGE_STANDARD = gnu11;
				GCC_DYNAMIC_NO_PIC = NO;
				GCC_NO_COMMON_BLOCKS = YES;
				GCC_OPTIMIZATION_LEVEL = 0;
				GCC_PREPROCESSOR_DEFINITIONS = (
					"DEBUG=1",
					"$(inherited)",
				);
				GCC_WARN_64_TO_32_BIT_CONVERSION = YES;
				GCC_WARN_ABOUT_RETURN_TYPE = YES_ERROR;
				GCC_WARN_UNDECLARED_SELECTOR = YES;
				GCC_WARN_UNINITIALIZED_AUTOS = YES_AGGRESSIVE;
				GCC_WARN_UNUSED_FUNCTION = YES;
				GCC_WARN_UNUSED_VARIABLE = YES;
				IPHONEOS_DEPLOYMENT_TARGET = 14.0;
				MTL_ENABLE_DEBUG_INFO = INCLUDE_SOURCE;
				MTL_FAST_MATH = YES;
				ONLY_ACTIVE_ARCH = YES;
				SDKROOT = iphoneos;
				SWIFT_ACTIVE_COMPILATION_CONDITIONS = DEBUG;
				SWIFT_OPTIMIZATION_LEVEL = "-Onone";
			};
			name = Debug;
		};
		3C67AFCE2A321D0000D7227D /* Release */ = {
			isa = XCBuildConfiguration;
			buildSettings = {
				ALWAYS_SEARCH_USER_PATHS = NO;
				CLANG_ANALYZER_NONNULL = YES;
				CLANG_ANALYZER_NUMBER_OBJECT_CONVERSION = YES_AGGRESSIVE;
				CLANG_CXX_LANGUAGE_STANDARD = "gnu++20";
				CLANG_ENABLE_MODULES = YES;
				CLANG_ENABLE_OBJC_ARC = YES;
				CLANG_ENABLE_OBJC_WEAK = YES;
				CLANG_WARN_BLOCK_CAPTURE_AUTORELEASING = YES;
				CLANG_WARN_BOOL_CONVERSION = YES;
				CLANG_WARN_COMMA = YES;
				CLANG_WARN_CONSTANT_CONVERSION = YES;
				CLANG_WARN_DEPRECATED_OBJC_IMPLEMENTATIONS = YES;
				CLANG_WARN_DIRECT_OBJC_ISA_USAGE = YES_ERROR;
				CLANG_WARN_DOCUMENTATION_COMMENTS = YES;
				CLANG_WARN_EMPTY_BODY = YES;
				CLANG_WARN_ENUM_CONVERSION = YES;
				CLANG_WARN_INFINITE_RECURSION = YES;
				CLANG_WARN_INT_CONVERSION = YES;
				CLANG_WARN_NON_LITERAL_NULL_CONVERSION = YES;
				CLANG_WARN_OBJC_IMPLICIT_RETAIN_SELF = YES;
				CLANG_WARN_OBJC_LITERAL_CONVERSION = YES;
				CLANG_WARN_OBJC_ROOT_CLASS = YES_ERROR;
				CLANG_WARN_QUOTED_INCLUDE_IN_FRAMEWORK_HEADER = YES;
				CLANG_WARN_RANGE_LOOP_ANALYSIS = YES;
				CLANG_WARN_STRICT_PROTOTYPES = YES;
				CLANG_WARN_SUSPICIOUS_MOVE = YES;
				CLANG_WARN_UNGUARDED_AVAILABILITY = YES_AGGRESSIVE;
				CLANG_WARN_UNREACHABLE_CODE = YES;
				CLANG_WARN__DUPLICATE_METHOD_MATCH = YES;
				COPY_PHASE_STRIP = NO;
				DEBUG_INFORMATION_FORMAT = "dwarf-with-dsym";
				ENABLE_NS_ASSERTIONS = NO;
				ENABLE_STRICT_OBJC_MSGSEND = YES;
				GCC_C_LANGUAGE_STANDARD = gnu11;
				GCC_NO_COMMON_BLOCKS = YES;
				GCC_WARN_64_TO_32_BIT_CONVERSION = YES;
				GCC_WARN_ABOUT_RETURN_TYPE = YES_ERROR;
				GCC_WARN_UNDECLARED_SELECTOR = YES;
				GCC_WARN_UNINITIALIZED_AUTOS = YES_AGGRESSIVE;
				GCC_WARN_UNUSED_FUNCTION = YES;
				GCC_WARN_UNUSED_VARIABLE = YES;
				IPHONEOS_DEPLOYMENT_TARGET = 14.0;
				MTL_ENABLE_DEBUG_INFO = NO;
				MTL_FAST_MATH = YES;
				SDKROOT = iphoneos;
				SWIFT_COMPILATION_MODE = wholemodule;
				SWIFT_OPTIMIZATION_LEVEL = "-O";
				VALIDATE_PRODUCT = YES;
			};
			name = Release;
		};
		3C67AFD02A321D0000D7227D /* Debug */ = {
			isa = XCBuildConfiguration;
			buildSettings = {
				ASSETCATALOG_COMPILER_APPICON_NAME = AppIcon;
				ASSETCATALOG_COMPILER_GLOBAL_ACCENT_COLOR_NAME = AccentColor;
				CODE_SIGN_STYLE = Automatic;
				CURRENT_PROJECT_VERSION = 1;
				DEVELOPMENT_ASSET_PATHS = "\"Honeymoon/Preview Content\"";
				DEVELOPMENT_TEAM = K62327QFK2;
				ENABLE_PREVIEWS = YES;
				GENERATE_INFOPLIST_FILE = YES;
				INFOPLIST_FILE = Honeymoon/Info.plist;
				INFOPLIST_KEY_UIApplicationSceneManifest_Generation = YES;
				INFOPLIST_KEY_UIApplicationSupportsIndirectInputEvents = YES;
				INFOPLIST_KEY_UISupportedInterfaceOrientations = UIInterfaceOrientationPortrait;
				INFOPLIST_KEY_UISupportedInterfaceOrientations_iPad = "UIInterfaceOrientationLandscapeLeft UIInterfaceOrientationLandscapeRight UIInterfaceOrientationPortrait UIInterfaceOrientationPortraitUpsideDown";
				IPHONEOS_DEPLOYMENT_TARGET = 14.0;
				LD_RUNPATH_SEARCH_PATHS = (
					"$(inherited)",
					"@executable_path/Frameworks",
				);
				MARKETING_VERSION = 1.0;
				PRODUCT_BUNDLE_IDENTIFIER = com.yerycastro.Honeymoon;
				PRODUCT_NAME = "$(TARGET_NAME)";
				SWIFT_EMIT_LOC_STRINGS = YES;
				SWIFT_VERSION = 5.0;
				TARGETED_DEVICE_FAMILY = "1,2";
			};
			name = Debug;
		};
		3C67AFD12A321D0000D7227D /* Release */ = {
			isa = XCBuildConfiguration;
			buildSettings = {
				ASSETCATALOG_COMPILER_APPICON_NAME = AppIcon;
				ASSETCATALOG_COMPILER_GLOBAL_ACCENT_COLOR_NAME = AccentColor;
				CODE_SIGN_STYLE = Automatic;
				CURRENT_PROJECT_VERSION = 1;
				DEVELOPMENT_ASSET_PATHS = "\"Honeymoon/Preview Content\"";
				DEVELOPMENT_TEAM = K62327QFK2;
				ENABLE_PREVIEWS = YES;
				GENERATE_INFOPLIST_FILE = YES;
				INFOPLIST_FILE = Honeymoon/Info.plist;
				INFOPLIST_KEY_UIApplicationSceneManifest_Generation = YES;
				INFOPLIST_KEY_UIApplicationSupportsIndirectInputEvents = YES;
				INFOPLIST_KEY_UISupportedInterfaceOrientations = UIInterfaceOrientationPortrait;
				INFOPLIST_KEY_UISupportedInterfaceOrientations_iPad = "UIInterfaceOrientationLandscapeLeft UIInterfaceOrientationLandscapeRight UIInterfaceOrientationPortrait UIInterfaceOrientationPortraitUpsideDown";
				IPHONEOS_DEPLOYMENT_TARGET = 14.0;
				LD_RUNPATH_SEARCH_PATHS = (
					"$(inherited)",
					"@executable_path/Frameworks",
				);
				MARKETING_VERSION = 1.0;
				PRODUCT_BUNDLE_IDENTIFIER = com.yerycastro.Honeymoon;
				PRODUCT_NAME = "$(TARGET_NAME)";
				SWIFT_EMIT_LOC_STRINGS = YES;
				SWIFT_VERSION = 5.0;
				TARGETED_DEVICE_FAMILY = "1,2";
			};
			name = Release;
		};
/* End XCBuildConfiguration section */

/* Begin XCConfigurationList section */
		3C67AFBC2A321CFE00D7227D /* Build configuration list for PBXProject "Honeymoon" */ = {
			isa = XCConfigurationList;
			buildConfigurations = (
				3C67AFCD2A321D0000D7227D /* Debug */,
				3C67AFCE2A321D0000D7227D /* Release */,
			);
			defaultConfigurationIsVisible = 0;
			defaultConfigurationName = Release;
		};
		3C67AFCF2A321D0000D7227D /* Build configuration list for PBXNativeTarget "Honeymoon" */ = {
			isa = XCConfigurationList;
			buildConfigurations = (
				3C67AFD02A321D0000D7227D /* Debug */,
				3C67AFD12A321D0000D7227D /* Release */,
			);
			defaultConfigurationIsVisible = 0;
			defaultConfigurationName = Release;
		};
/* End XCConfigurationList section */
	};
	rootObject = 3C67AFB92A321CFE00D7227D /* Project object */;
}
